schema: '2.0'
stages:
  make_dataset:
    cmd: python src/data/make_dataset.py
    deps:
    - path: src/data/make_dataset.py
      hash: md5
      md5: 2961a75159982c9af15296a48f68df3d
      size: 3302
    params:
      params.yaml:
        make_dataset.random_state: 42
        make_dataset.test_size: 0.2
    outs:
    - path: data/raw
      hash: md5
      md5: e774816cdedc522bf1b0176f7be265fa.dir
      size: 6836607
      nfiles: 2
  data_preprocessing:
    cmd: python src/data/data_preprocessing.py
    deps:
    - path: data/raw
      hash: md5
      md5: a4556aac99a7bfc72caebff032bcb13a.dir
      size: 6873216
      nfiles: 2
    - path: src/data/data_preprocessing.py
      hash: md5
      md5: 844d1d7ed74a9f7d7de5aafeec2919af
      size: 5034
    params:
      params.yaml:
        data_preprocessing.keep_negations:
        - not
        - but
        - however
        - no
        - yet
        data_preprocessing.lemmatize: true
        data_preprocessing.remove_stopwords: true
    outs:
    - path: data/processed
      hash: md5
      md5: e98e8a2f2c914c53fa4c1ba25f181b03.dir
      size: 5131685
      nfiles: 2
  build_features:
    cmd: python src/features/build_features.py
    deps:
    - path: data/processed
      hash: md5
      md5: e98e8a2f2c914c53fa4c1ba25f181b03.dir
      size: 5131685
      nfiles: 2
    - path: src/features/build_features.py
      hash: md5
      md5: b4e4e8055be9c29b49b4e6c9058112dc
      size: 4986
    params:
      params.yaml:
        build_features.max_features: 1000
        build_features.ngram_range:
        - 1
        - 3
        build_features.random_state: 42
    outs:
    - path: data/interim
      hash: md5
      md5: 5e890ced0f41cb19421961a0fafed081.dir
      size: 1185793
      nfiles: 4
    - path: model/vectorizer.pkl
      hash: md5
      md5: e7de8bc826a36484e3763e5e844e448d
      size: 28638
  build_bert_features:
    cmd: python src/features/build_bert_feature.py
    deps:
    - path: data/raw
      hash: md5
      md5: e774816cdedc522bf1b0176f7be265fa.dir
      size: 6836607
      nfiles: 2
    - path: src/features/build_bert_feature.py
      hash: md5
      md5: dea47b975591d54cc2506d8e196cfc09
      size: 2658
    params:
      params.yaml:
        build_bert_features.max_length: 256
        build_bert_features.model_name: bert-base-uncased
    outs:
    - path: data/interim/bert
      hash: md5
      md5: dacd2114915507876045cd2d13685ac3.dir
      size: 150235896
      nfiles: 6
  train_bert:
    cmd: python src/models/train_bert.py
    deps:
    - path: data/interim/bert
      hash: md5
      md5: dacd2114915507876045cd2d13685ac3.dir
      size: 150235896
      nfiles: 6
    - path: src/models/train_bert.py
      hash: md5
      md5: ad7fdc09ec5337c574becf60c20787b0
      size: 6665
    params:
      params.yaml:
        train_bert.batch_size: 16
        train_bert.epochs: 3
        train_bert.eps: 1e-08
        train_bert.learning_rate: 1e-05
        train_bert.model_name: bert-base-uncased
        train_bert.num_labels: 3
        train_bert.seed: 8
    outs:
    - path: model/bert
      hash: md5
      md5: a6af258cb67985baa2ac4dfb9c972f65.dir
      size: 438020826
      nfiles: 1
    - path: reports/bert_metrics.json
      hash: md5
      md5: cd4b883d6859367522eb4e6cda0dab47
      size: 1194
  model_evaluation:
    cmd: python src/visualization/model_eval.py
    deps:
    - path: data/interim/bert
      hash: md5
      md5: dacd2114915507876045cd2d13685ac3.dir
      size: 150235896
      nfiles: 6
    - path: model/bert
      hash: md5
      md5: a6af258cb67985baa2ac4dfb9c972f65.dir
      size: 438020826
      nfiles: 1
    - path: src/visualization/model_eval.py
      hash: md5
      md5: e313c4762535b75e20e22002efbc3a84
      size: 5434
    params:
      params.yaml:
        train_bert.model_name: bert-base-uncased
        train_bert.num_labels: 3
    outs:
    - path: reports/eval_metrics.json
      hash: md5
      md5: e512b2b536c5816977d63eeddc830ef2
      size: 1234
    - path: reports/experiment_info.json
      hash: md5
      md5: 8646a3427190a87fb379e08d533b33fc
      size: 120
  register_model:
    cmd: python src/visualization/model_register.py
    deps:
    - path: reports/experiment_info.json
      hash: md5
      md5: 8646a3427190a87fb379e08d533b33fc
      size: 120
    - path: src/visualization/model_register.py
      hash: md5
      md5: e76802e4604f43ed52560db5388917cb
      size: 3376
